{
    "name": "voicefoundry-code-project",
    "version": "1.0.0",
    "lockfileVersion": 1,
    "requires": true,
    "dependencies": {
        "serverless-plugin-upload-s3": {
            "version": "1.0.1",
            "resolved": "https://registry.npmjs.org/serverless-plugin-upload-s3/-/serverless-plugin-upload-s3-1.0.1.tgz",
            "integrity": "sha1-TO1XbqYcMbp+G0Vz1hHcmZoh59I="
        }
    }
}
